// !$*UTF8*$!
{
	archiveVersion = 1;
	classes = {
	};
	objectVersion = 46;
	objects = {

/* Begin PBXBuildFile section */
		A82845521E0DF1F700EE5E58 /* RootViewController.swift in Sources */ = {isa = PBXBuildFile; fileRef = A82845511E0DF1F700EE5E58 /* RootViewController.swift */; };
		A82845541E0DF7D900EE5E58 /* PokeCell.swift in Sources */ = {isa = PBXBuildFile; fileRef = A82845531E0DF7D900EE5E58 /* PokeCell.swift */; };
		A82845581E0E079500EE5E58 /* csv.swift in Sources */ = {isa = PBXBuildFile; fileRef = A82845571E0E079500EE5E58 /* csv.swift */; };
		A828455B1E0E0AD500EE5E58 /* Shadow.swift in Sources */ = {isa = PBXBuildFile; fileRef = A828455A1E0E0AD500EE5E58 /* Shadow.swift */; };
		A82845601E0E296D00EE5E58 /* Pokemon Solid.ttf in Resources */ = {isa = PBXBuildFile; fileRef = A828455F1E0E296D00EE5E58 /* Pokemon Solid.ttf */; };
		A82845641E0F0BFE00EE5E58 /* music.mp3 in Resources */ = {isa = PBXBuildFile; fileRef = A82845631E0F0BFE00EE5E58 /* music.mp3 */; };
		A88DD6841E0DE6FE002C2D70 /* AppDelegate.swift in Sources */ = {isa = PBXBuildFile; fileRef = A88DD6831E0DE6FE002C2D70 /* AppDelegate.swift */; };
		A88DD6891E0DE6FE002C2D70 /* Main.storyboard in Resources */ = {isa = PBXBuildFile; fileRef = A88DD6871E0DE6FE002C2D70 /* Main.storyboard */; };
		A88DD68B1E0DE6FE002C2D70 /* Assets.xcassets in Resources */ = {isa = PBXBuildFile; fileRef = A88DD68A1E0DE6FE002C2D70 /* Assets.xcassets */; };
		A88DD68E1E0DE6FE002C2D70 /* LaunchScreen.storyboard in Resources */ = {isa = PBXBuildFile; fileRef = A88DD68C1E0DE6FE002C2D70 /* LaunchScreen.storyboard */; };
		A88DD6961E0DEB5C002C2D70 /* pokemon.csv in Resources */ = {isa = PBXBuildFile; fileRef = A88DD6951E0DEB5C002C2D70 /* pokemon.csv */; };
		A88DD69B1E0DEE82002C2D70 /* Pokemon.swift in Sources */ = {isa = PBXBuildFile; fileRef = A88DD69A1E0DEE82002C2D70 /* Pokemon.swift */; };
/* End PBXBuildFile section */

/* Begin PBXFileReference section */
		A82845511E0DF1F700EE5E58 /* RootViewController.swift */ = {isa = PBXFileReference; fileEncoding = 4; lastKnownFileType = sourcecode.swift; path = RootViewController.swift; sourceTree = "<group>"; };
		A82845531E0DF7D900EE5E58 /* PokeCell.swift */ = {isa = PBXFileReference; fileEncoding = 4; lastKnownFileType = sourcecode.swift; path = PokeCell.swift; sourceTree = "<group>"; };
		A82845571E0E079500EE5E58 /* csv.swift */ = {isa = PBXFileReference; fileEncoding = 4; lastKnownFileType = sourcecode.swift; path = csv.swift; sourceTree = "<group>"; };
		A828455A1E0E0AD500EE5E58 /* Shadow.swift */ = {isa = PBXFileReference; fileEncoding = 4; lastKnownFileType = sourcecode.swift; path = Shadow.swift; sourceTree = "<group>"; };
		A828455F1E0E296D00EE5E58 /* Pokemon Solid.ttf */ = {isa = PBXFileReference; lastKnownFileType = file; path = "Pokemon Solid.ttf"; sourceTree = "<group>"; };
		A82845631E0F0BFE00EE5E58 /* music.mp3 */ = {isa = PBXFileReference; lastKnownFileType = audio.mp3; path = music.mp3; sourceTree = "<group>"; };
		A88DD6801E0DE6FE002C2D70 /* Poke3.app */ = {isa = PBXFileReference; explicitFileType = wrapper.application; includeInIndex = 0; path = Poke3.app; sourceTree = BUILT_PRODUCTS_DIR; };
		A88DD6831E0DE6FE002C2D70 /* AppDelegate.swift */ = {isa = PBXFileReference; lastKnownFileType = sourcecode.swift; path = AppDelegate.swift; sourceTree = "<group>"; };
		A88DD6881E0DE6FE002C2D70 /* Base */ = {isa = PBXFileReference; lastKnownFileType = file.storyboard; name = Base; path = Base.lproj/Main.storyboard; sourceTree = "<group>"; };
		A88DD68A1E0DE6FE002C2D70 /* Assets.xcassets */ = {isa = PBXFileReference; lastKnownFileType = folder.assetcatalog; path = Assets.xcassets; sourceTree = "<group>"; };
		A88DD68D1E0DE6FE002C2D70 /* Base */ = {isa = PBXFileReference; lastKnownFileType = file.storyboard; name = Base; path = Base.lproj/LaunchScreen.storyboard; sourceTree = "<group>"; };
		A88DD68F1E0DE6FE002C2D70 /* Info.plist */ = {isa = PBXFileReference; lastKnownFileType = text.plist.xml; path = Info.plist; sourceTree = "<group>"; };
		A88DD6951E0DEB5C002C2D70 /* pokemon.csv */ = {isa = PBXFileReference; fileEncoding = 4; lastKnownFileType = text; path = pokemon.csv; sourceTree = "<group>"; };
		A88DD69A1E0DEE82002C2D70 /* Pokemon.swift */ = {isa = PBXFileReference; fileEncoding = 4; lastKnownFileType = sourcecode.swift; path = Pokemon.swift; sourceTree = "<group>"; };
/* End PBXFileReference section */

/* Begin PBXFrameworksBuildPhase section */
		A88DD67D1E0DE6FE002C2D70 /* Frameworks */ = {
			isa = PBXFrameworksBuildPhase;
			buildActionMask = 2147483647;
			files = (
			);
			runOnlyForDeploymentPostprocessing = 0;
		};
/* End PBXFrameworksBuildPhase section */

/* Begin PBXGroup section */
		A82845591E0E0ABE00EE5E58 /* Util */ = {
			isa = PBXGroup;
			children = (
				A82845571E0E079500EE5E58 /* csv.swift */,
				A828455A1E0E0AD500EE5E58 /* Shadow.swift */,
			);
			name = Util;
			sourceTree = "<group>";
		};
		A828455E1E0E25D300EE5E58 /* Resources */ = {
			isa = PBXGroup;
			children = (
				A82845631E0F0BFE00EE5E58 /* music.mp3 */,
				A828455F1E0E296D00EE5E58 /* Pokemon Solid.ttf */,
				A88DD6951E0DEB5C002C2D70 /* pokemon.csv */,
			);
			name = Resources;
			sourceTree = "<group>";
		};
		A88DD6771E0DE6FE002C2D70 = {
			isa = PBXGroup;
			children = (
				A88DD6821E0DE6FE002C2D70 /* Poke3 */,
				A88DD6811E0DE6FE002C2D70 /* Products */,
			);
			sourceTree = "<group>";
		};
		A88DD6811E0DE6FE002C2D70 /* Products */ = {
			isa = PBXGroup;
			children = (
				A88DD6801E0DE6FE002C2D70 /* Poke3.app */,
			);
			name = Products;
			sourceTree = "<group>";
		};
		A88DD6821E0DE6FE002C2D70 /* Poke3 */ = {
			isa = PBXGroup;
			children = (
				A88DD6991E0DEE71002C2D70 /* Model */,
				A88DD6981E0DEE6B002C2D70 /* View */,
				A88DD6971E0DEE58002C2D70 /* Controller */,
				A828455E1E0E25D300EE5E58 /* Resources */,
				A82845591E0E0ABE00EE5E58 /* Util */,
				A88DD6831E0DE6FE002C2D70 /* AppDelegate.swift */,
				A88DD6871E0DE6FE002C2D70 /* Main.storyboard */,
				A88DD68A1E0DE6FE002C2D70 /* Assets.xcassets */,
				A88DD68C1E0DE6FE002C2D70 /* LaunchScreen.storyboard */,
				A88DD68F1E0DE6FE002C2D70 /* Info.plist */,
			);
			path = Poke3;
			sourceTree = "<group>";
		};
		A88DD6971E0DEE58002C2D70 /* Controller */ = {
			isa = PBXGroup;
			children = (
				A82845511E0DF1F700EE5E58 /* RootViewController.swift */,
			);
			name = Controller;
			sourceTree = "<group>";
		};
		A88DD6981E0DEE6B002C2D70 /* View */ = {
			isa = PBXGroup;
			children = (
				A82845531E0DF7D900EE5E58 /* PokeCell.swift */,
			);
			name = View;
			sourceTree = "<group>";
		};
		A88DD6991E0DEE71002C2D70 /* Model */ = {
			isa = PBXGroup;
			children = (
				A88DD69A1E0DEE82002C2D70 /* Pokemon.swift */,
			);
			name = Model;
			sourceTree = "<group>";
		};
/* End PBXGroup section */

/* Begin PBXNativeTarget section */
		A88DD67F1E0DE6FE002C2D70 /* Poke3 */ = {
			isa = PBXNativeTarget;
			buildConfigurationList = A88DD6921E0DE6FE002C2D70 /* Build configuration list for PBXNativeTarget "Poke3" */;
			buildPhases = (
				A88DD67C1E0DE6FE002C2D70 /* Sources */,
				A88DD67D1E0DE6FE002C2D70 /* Frameworks */,
				A88DD67E1E0DE6FE002C2D70 /* Resources */,
			);
			buildRules = (
			);
			dependencies = (
			);
			name = Poke3;
			productName = Poke3;
			productReference = A88DD6801E0DE6FE002C2D70 /* Poke3.app */;
			productType = "com.apple.product-type.application";
		};
/* End PBXNativeTarget section */

/* Begin PBXProject section */
		A88DD6781E0DE6FE002C2D70 /* Project object */ = {
			isa = PBXProject;
			attributes = {
				LastSwiftUpdateCheck = 0820;
				LastUpgradeCheck = 0820;
				ORGANIZATIONNAME = "Matt Deuschle";
				TargetAttributes = {
					A88DD67F1E0DE6FE002C2D70 = {
						CreatedOnToolsVersion = 8.2;
						DevelopmentTeam = EUAKYK4NXS;
						LastSwiftMigration = 0820;
						ProvisioningStyle = Automatic;
					};
				};
			};
			buildConfigurationList = A88DD67B1E0DE6FE002C2D70 /* Build configuration list for PBXProject "Poke3" */;
			compatibilityVersion = "Xcode 3.2";
			developmentRegion = English;
			hasScannedForEncodings = 0;
			knownRegions = (
				en,
				Base,
			);
			mainGroup = A88DD6771E0DE6FE002C2D70;
			productRefGroup = A88DD6811E0DE6FE002C2D70 /* Products */;
			projectDirPath = "";
			projectRoot = "";
			targets = (
				A88DD67F1E0DE6FE002C2D70 /* Poke3 */,
			);
		};
/* End PBXProject section */

/* Begin PBXResourcesBuildPhase section */
		A88DD67E1E0DE6FE002C2D70 /* Resources */ = {
			isa = PBXResourcesBuildPhase;
			buildActionMask = 2147483647;
			files = (
				A82845601E0E296D00EE5E58 /* Pokemon Solid.ttf in Resources */,
				A88DD68E1E0DE6FE002C2D70 /* LaunchScreen.storyboard in Resources */,
				A82845641E0F0BFE00EE5E58 /* music.mp3 in Resources */,
				A88DD68B1E0DE6FE002C2D70 /* Assets.xcassets in Resources */,
				A88DD6961E0DEB5C002C2D70 /* pokemon.csv in Resources */,
				A88DD6891E0DE6FE002C2D70 /* Main.storyboard in Resources */,
			);
			runOnlyForDeploymentPostprocessing = 0;
		};
/* End PBXResourcesBuildPhase section */

/* Begin PBXSourcesBuildPhase section */
		A88DD67C1E0DE6FE002C2D70 /* Sources */ = {
			isa = PBXSourcesBuildPhase;
			buildActionMask = 2147483647;
			files = (
				A82845541E0DF7D900EE5E58 /* PokeCell.swift in Sources */,
				A88DD6841E0DE6FE002C2D70 /* AppDelegate.swift in Sources */,
				A88DD69B1E0DEE82002C2D70 /* Pokemon.swift in Sources */,
				A828455B1E0E0AD500EE5E58 /* Shadow.swift in Sources */,
				A82845521E0DF1F700EE5E58 /* RootViewController.swift in Sources */,
				A82845581E0E079500EE5E58 /* csv.swift in Sources */,
			);
			runOnlyForDeploymentPostprocessing = 0;
		};
/* End PBXSourcesBuildPhase section */

/* Begin PBXVariantGroup section */
		A88DD6871E0DE6FE002C2D70 /* Main.storyboard */ = {
			isa = PBXVariantGroup;
			children = (
				A88DD6881E0DE6FE002C2D70 /* Base */,
			);
			name = Main.storyboard;
			sourceTree = "<group>";
		};
		A88DD68C1E0DE6FE002C2D70 /* LaunchScreen.storyboard */ = {
			isa = PBXVariantGroup;
			children = (
				A88DD68D1E0DE6FE002C2D70 /* Base */,
			);
			name = LaunchScreen.storyboard;
			sourceTree = "<group>";
		};
/* End PBXVariantGroup section */

/* Begin XCBuildConfiguration section */
		A88DD6901E0DE6FE002C2D70 /* Debug */ = {
			isa = XCBuildConfiguration;
			buildSettings = {
				ALWAYS_SEARCH_USER_PATHS = NO;
				CLANG_ANALYZER_NONNULL = YES;
				CLANG_CXX_LANGUAGE_STANDARD = "gnu++0x";
				CLANG_CXX_LIBRARY = "libc++";
				CLANG_ENABLE_MODULES = YES;
				CLANG_ENABLE_OBJC_ARC = YES;
				CLANG_WARN_BOOL_CONVERSION = YES;
				CLANG_WARN_CONSTANT_CONVERSION = YES;
				CLANG_WARN_DIRECT_OBJC_ISA_USAGE = YES_ERROR;
				CLANG_WARN_DOCUMENTATION_COMMENTS = YES;
				CLANG_WARN_EMPTY_BODY = YES;
				CLANG_WARN_ENUM_CONVERSION = YES;
				CLANG_WARN_INFINITE_RECURSION = YES;
				CLANG_WARN_INT_CONVERSION = YES;
				CLANG_WARN_OBJC_ROOT_CLASS = YES_ERROR;
				CLANG_WARN_SUSPICIOUS_MOVE = YES;
				CLANG_WARN_UNREACHABLE_CODE = YES;
				CLANG_WARN__DUPLICATE_METHOD_MATCH = YES;
				"CODE_SIGN_IDENTITY[sdk=iphoneos*]" = "iPhone Developer";
				COPY_PHASE_STRIP = NO;
				DEBUG_INFORMATION_FORMAT = dwarf;
				ENABLE_STRICT_OBJC_MSGSEND = YES;
				ENABLE_TESTABILITY = YES;
				GCC_C_LANGUAGE_STANDARD = gnu99;
				GCC_DYNAMIC_NO_PIC = NO;
				GCC_NO_COMMON_BLOCKS = YES;
				GCC_OPTIMIZATION_LEVEL = 0;
				GCC_PREPROCESSOR_DEFINITIONS = (
					"DEBUG=1",
					"$(inherited)",
				);
				GCC_WARN_64_TO_32_BIT_CONVERSION = YES;
				GCC_WARN_ABOUT_RETURN_TYPE = YES_ERROR;
				GCC_WARN_UNDECLARED_SELECTOR = YES;
				GCC_WARN_UNINITIALIZED_AUTOS = YES_AGGRESSIVE;
				GCC_WARN_UNUSED_FUNCTION = YES;
				GCC_WARN_UNUSED_VARIABLE = YES;
				IPHONEOS_DEPLOYMENT_TARGET = 10.2;
				MTL_ENABLE_DEBUG_INFO = YES;
				ONLY_ACTIVE_ARCH = YES;
				SDKROOT = iphoneos;
				SWIFT_ACTIVE_COMPILATION_CONDITIONS = DEBUG;
				SWIFT_OPTIMIZATION_LEVEL = "-Onone";
				TARGETED_DEVICE_FAMILY = "1,2";
			};
			name = Debug;
		};
		A88DD6911E0DE6FE002C2D70 /* Release */ = {
			isa = XCBuildConfiguration;
			buildSettings = {
				ALWAYS_SEARCH_USER_PATHS = NO;
				CLANG_ANALYZER_NONNULL = YES;
				CLANG_CXX_LANGUAGE_STANDARD = "gnu++0x";
				CLANG_CXX_LIBRARY = "libc++";
				CLANG_ENABLE_MODULES = YES;
				CLANG_ENABLE_OBJC_ARC = YES;
				CLANG_WARN_BOOL_CONVERSION = YES;
				CLANG_WARN_CONSTANT_CONVERSION = YES;
				CLANG_WARN_DIRECT_OBJC_ISA_USAGE = YES_ERROR;
				CLANG_WARN_DOCUMENTATION_COMMENTS = YES;
				CLANG_WARN_EMPTY_BODY = YES;
				CLANG_WARN_ENUM_CONVERSION = YES;
				CLANG_WARN_INFINITE_RECURSION = YES;
				CLANG_WARN_INT_CONVERSION = YES;
				CLANG_WARN_OBJC_ROOT_CLASS = YES_ERROR;
				CLANG_WARN_SUSPICIOUS_MOVE = YES;
				CLANG_WARN_UNREACHABLE_CODE = YES;
				CLANG_WARN__DUPLICATE_METHOD_MATCH = YES;
				"CODE_SIGN_IDENTITY[sdk=iphoneos*]" = "iPhone Developer";
				COPY_PHASE_STRIP = NO;
				DEBUG_INFORMATION_FORMAT = "dwarf-with-dsym";
				ENABLE_NS_ASSERTIONS = NO;
				ENABLE_STRICT_OBJC_MSGSEND = YES;
				GCC_C_LANGUAGE_STANDARD = gnu99;
				GCC_NO_COMMON_BLOCKS = YES;
				GCC_WARN_64_TO_32_BIT_CONVERSION = YES;
				GCC_WARN_ABOUT_RETURN_TYPE = YES_ERROR;
				GCC_WARN_UNDECLARED_SELECTOR = YES;
				GCC_WARN_UNINITIALIZED_AUTOS = YES_AGGRESSIVE;
				GCC_WARN_UNUSED_FUNCTION = YES;
				GCC_WARN_UNUSED_VARIABLE = YES;
				IPHONEOS_DEPLOYMENT_TARGET = 10.2;
				MTL_ENABLE_DEBUG_INFO = NO;
				SDKROOT = iphoneos;
				SWIFT_OPTIMIZATION_LEVEL = "-Owholemodule";
				TARGETED_DEVICE_FAMILY = "1,2";
				VALIDATE_PRODUCT = YES;
			};
			name = Release;
		};
		A88DD6931E0DE6FE002C2D70 /* Debug */ = {
			isa = XCBuildConfiguration;
			buildSettings = {
				ASSETCATALOG_COMPILER_APPICON_NAME = AppIcon;
				DEVELOPMENT_TEAM = EUAKYK4NXS;
				INFOPLIST_FILE = Poke3/Info.plist;
				LD_RUNPATH_SEARCH_PATHS = "$(inherited) @executable_path/Frameworks";
				PRODUCT_BUNDLE_IDENTIFIER = com.mattdeuschle.Poke3;
				PRODUCT_NAME = "$(TARGET_NAME)";
				SWIFT_VERSION = 3.0;
			};
			name = Debug;
		};
		A88DD6941E0DE6FE002C2D70 /* Release */ = {
			isa = XCBuildConfiguration;
			buildSettings = {
				ASSETCATALOG_COMPILER_APPICON_NAME = AppIcon;
				DEVELOPMENT_TEAM = EUAKYK4NXS;
				INFOPLIST_FILE = Poke3/Info.plist;
				LD_RUNPATH_SEARCH_PATHS = "$(inherited) @executable_path/Frameworks";
				PRODUCT_BUNDLE_IDENTIFIER = com.mattdeuschle.Poke3;
				PRODUCT_NAME = "$(TARGET_NAME)";
				SWIFT_VERSION = 3.0;
			};
			name = Release;
		};
/* End XCBuildConfiguration section */

/* Begin XCConfigurationList section */
		A88DD67B1E0DE6FE002C2D70 /* Build configuration list for PBXProject "Poke3" */ = {
			isa = XCConfigurationList;
			buildConfigurations = (
				A88DD6901E0DE6FE002C2D70 /* Debug */,
				A88DD6911E0DE6FE002C2D70 /* Release */,
			);
			defaultConfigurationIsVisible = 0;
			defaultConfigurationName = Release;
		};
		A88DD6921E0DE6FE002C2D70 /* Build configuration list for PBXNativeTarget "Poke3" */ = {
			isa = XCConfigurationList;
			buildConfigurations = (
				A88DD6931E0DE6FE002C2D70 /* Debug */,
				A88DD6941E0DE6FE002C2D70 /* Release */,
			);
			defaultConfigurationIsVisible = 0;
			defaultConfigurationName = Release;
		};
/* End XCConfigurationList section */
	};
	rootObject = A88DD6781E0DE6FE002C2D70 /* Project object */;
}
